
Microsoft Visual Studio Solution File, Format Version 12.00
# Visual Studio Version 16
VisualStudioVersion = 16.0.30907.101
MinimumVisualStudioVersion = 10.0.40219.1
Project("{9A19103F-16F7-4668-BE54-9A1E7A4F7556}") = "LargeDataTests.Domain", "LargeDataTests.Domain\LargeDataTests.Domain.csproj", "{D6DB0D91-F2F9-4A0E-9E37-C0EFC06E0261}"
EndProject
Project("{9A19103F-16F7-4668-BE54-9A1E7A4F7556}") = "LargerDataTests.DataAccess", "LargerDataTests.DataAccess\LargerDataTests.DataAccess.csproj", "{B3D02A9F-622B-475F-88BE-27098B9C87D3}"
EndProject
Project("{9A19103F-16F7-4668-BE54-9A1E7A4F7556}") = "LargeDataTests.Benchmarks", "LargeDataTests.Benchmarks\LargeDataTests.Benchmarks.csproj", "{D78CE526-4FB1-4334-ABB5-CFF0BA2DAB3C}"
EndProject
Global
	GlobalSection(SolutionConfigurationPlatforms) = preSolution
		Debug|Any CPU = Debug|Any CPU
		Release|Any CPU = Release|Any CPU
	EndGlobalSection
	GlobalSection(ProjectConfigurationPlatforms) = postSolution
		{D6DB0D91-F2F9-4A0E-9E37-C0EFC06E0261}.Debug|Any CPU.ActiveCfg = Debug|Any CPU
		{D6DB0D91-F2F9-4A0E-9E37-C0EFC06E0261}.Debug|Any CPU.Build.0 = Debug|Any CPU
		{D6DB0D91-F2F9-4A0E-9E37-C0EFC06E0261}.Release|Any CPU.ActiveCfg = Release|Any CPU
		{D6DB0D91-F2F9-4A0E-9E37-C0EFC06E0261}.Release|Any CPU.Build.0 = Release|Any CPU
		{B3D02A9F-622B-475F-88BE-27098B9C87D3}.Debug|Any CPU.ActiveCfg = Debug|Any CPU
		{B3D02A9F-622B-475F-88BE-27098B9C87D3}.Debug|Any CPU.Build.0 = Debug|Any CPU
		{B3D02A9F-622B-475F-88BE-27098B9C87D3}.Release|Any CPU.ActiveCfg = Release|Any CPU
		{B3D02A9F-622B-475F-88BE-27098B9C87D3}.Release|Any CPU.Build.0 = Release|Any CPU
		{D78CE526-4FB1-4334-ABB5-CFF0BA2DAB3C}.Debug|Any CPU.ActiveCfg = Debug|Any CPU
		{D78CE526-4FB1-4334-ABB5-CFF0BA2DAB3C}.Debug|Any CPU.Build.0 = Debug|Any CPU
		{D78CE526-4FB1-4334-ABB5-CFF0BA2DAB3C}.Release|Any CPU.ActiveCfg = Release|Any CPU
		{D78CE526-4FB1-4334-ABB5-CFF0BA2DAB3C}.Release|Any CPU.Build.0 = Release|Any CPU
	EndGlobalSection
	GlobalSection(SolutionProperties) = preSolution
		HideSolutionNode = FALSE
	EndGlobalSection
	GlobalSection(ExtensibilityGlobals) = postSolution
		SolutionGuid = {3D272721-9ADE-414A-8790-FA874269AEF5}
	EndGlobalSection
EndGlobal
